
Microsoft Visual Studio Solution File, Format Version 12.00
# Visual Studio Version 16
VisualStudioVersion = 16.0.29920.165
MinimumVisualStudioVersion = 10.0.40219.1
Project("{FAE04EC0-301F-11D3-BF4B-00C04F79EFBC}") = "ConsoleMenu", "ConsoleMenu\ConsoleMenu.csproj", "{4C4A8789-483E-407F-AB62-C44118BBD43A}"
EndProject
Global
	GlobalSection(SolutionConfigurationPlatforms) = preSolution
		Debug|Any CPU = Debug|Any CPU
		Release|Any CPU = Release|Any CPU
	EndGlobalSection
	GlobalSection(ProjectConfigurationPlatforms) = postSolution
		{4C4A8789-483E-407F-AB62-C44118BBD43A}.Debug|Any CPU.ActiveCfg = Debug|Any CPU
		{4C4A8789-483E-407F-AB62-C44118BBD43A}.Debug|Any CPU.Build.0 = Debug|Any CPU
		{4C4A8789-483E-407F-AB62-C44118BBD43A}.Release|Any CPU.ActiveCfg = Release|Any CPU
		{4C4A8789-483E-407F-AB62-C44118BBD43A}.Release|Any CPU.Build.0 = Release|Any CPU
	EndGlobalSection
	GlobalSection(SolutionProperties) = preSolution
		HideSolutionNode = FALSE
	EndGlobalSection
	GlobalSection(ExtensibilityGlobals) = postSolution
		SolutionGuid = {A0F7BEE5-E727-4F92-B027-66BD11BEEBE4}
	EndGlobalSection
EndGlobal
